
Microsoft Visual Studio Solution File, Format Version 12.00
# Visual Studio 14
VisualStudioVersion = 14.0.23107.0
MinimumVisualStudioVersion = 10.0.40219.1
Project("{FAE04EC0-301F-11D3-BF4B-00C04F79EFBC}") = "Plugin", "src\Plugin\Plugin.csproj", "{5C73F5A8-164A-4165-BFF5-A9BBF3084379}"
EndProject
Project("{FAE04EC0-301F-11D3-BF4B-00C04F79EFBC}") = "Core.Plugins.Api", "src\Core.Plugins.Api\Core.Plugins.Api.csproj", "{2B172ABF-7BD9-41BF-B231-0880A4E8354B}"
EndProject
Global
	GlobalSection(SolutionConfigurationPlatforms) = preSolution
		Debug|Any CPU = Debug|Any CPU
		Release|Any CPU = Release|Any CPU
	EndGlobalSection
	GlobalSection(ProjectConfigurationPlatforms) = postSolution
		{5C73F5A8-164A-4165-BFF5-A9BBF3084379}.Debug|Any CPU.ActiveCfg = Debug|Any CPU
		{5C73F5A8-164A-4165-BFF5-A9BBF3084379}.Debug|Any CPU.Build.0 = Debug|Any CPU
		{5C73F5A8-164A-4165-BFF5-A9BBF3084379}.Release|Any CPU.ActiveCfg = Release|Any CPU
		{5C73F5A8-164A-4165-BFF5-A9BBF3084379}.Release|Any CPU.Build.0 = Release|Any CPU
		{2B172ABF-7BD9-41BF-B231-0880A4E8354B}.Debug|Any CPU.ActiveCfg = Debug|Any CPU
		{2B172ABF-7BD9-41BF-B231-0880A4E8354B}.Debug|Any CPU.Build.0 = Debug|Any CPU
		{2B172ABF-7BD9-41BF-B231-0880A4E8354B}.Release|Any CPU.ActiveCfg = Release|Any CPU
		{2B172ABF-7BD9-41BF-B231-0880A4E8354B}.Release|Any CPU.Build.0 = Release|Any CPU
	EndGlobalSection
	GlobalSection(SolutionProperties) = preSolution
		HideSolutionNode = FALSE
	EndGlobalSection
EndGlobal
